
Microsoft Visual Studio Solution File, Format Version 12.00
# Visual Studio Version 16
VisualStudioVersion = 16.0.808.4
MinimumVisualStudioVersion = 10.0.40219.1
Project("{FAE04EC0-301F-11D3-BF4B-00C04F79EFBC}") = "CollectorService", "CollectorService.csproj", "{13848958-5B24-4E84-ADAC-293FDC116D4B}"
EndProject
Global
	GlobalSection(SolutionConfigurationPlatforms) = preSolution
		Debug|Any CPU = Debug|Any CPU
		Release|Any CPU = Release|Any CPU
	EndGlobalSection
	GlobalSection(ProjectConfigurationPlatforms) = postSolution
		{13848958-5B24-4E84-ADAC-293FDC116D4B}.Debug|Any CPU.ActiveCfg = Debug|Any CPU
		{13848958-5B24-4E84-ADAC-293FDC116D4B}.Debug|Any CPU.Build.0 = Debug|Any CPU
		{13848958-5B24-4E84-ADAC-293FDC116D4B}.Release|Any CPU.ActiveCfg = Release|Any CPU
		{13848958-5B24-4E84-ADAC-293FDC116D4B}.Release|Any CPU.Build.0 = Release|Any CPU
	EndGlobalSection
	GlobalSection(SolutionProperties) = preSolution
		HideSolutionNode = FALSE
	EndGlobalSection
	GlobalSection(ExtensibilityGlobals) = postSolution
		SolutionGuid = {4C0C7EDB-DEAF-4779-B145-89372CCE6A82}
	EndGlobalSection
EndGlobal
